
Microsoft Visual Studio Solution File, Format Version 12.00
# Visual Studio Version 16
VisualStudioVersion = 16.0.29215.179
MinimumVisualStudioVersion = 10.0.40219.1
Project("{FAE04EC0-301F-11D3-BF4B-00C04F79EFBC}") = "memoryApp", "memoryApp\memoryApp.csproj", "{34006396-0371-4E5C-A03B-3CED7495AC93}"
EndProject
Global
	GlobalSection(SolutionConfigurationPlatforms) = preSolution
		Debug|Any CPU = Debug|Any CPU
		Release|Any CPU = Release|Any CPU
	EndGlobalSection
	GlobalSection(ProjectConfigurationPlatforms) = postSolution
		{34006396-0371-4E5C-A03B-3CED7495AC93}.Debug|Any CPU.ActiveCfg = Debug|Any CPU
		{34006396-0371-4E5C-A03B-3CED7495AC93}.Debug|Any CPU.Build.0 = Debug|Any CPU
		{34006396-0371-4E5C-A03B-3CED7495AC93}.Release|Any CPU.ActiveCfg = Release|Any CPU
		{34006396-0371-4E5C-A03B-3CED7495AC93}.Release|Any CPU.Build.0 = Release|Any CPU
	EndGlobalSection
	GlobalSection(SolutionProperties) = preSolution
		HideSolutionNode = FALSE
	EndGlobalSection
	GlobalSection(ExtensibilityGlobals) = postSolution
		SolutionGuid = {0BC7C35F-28D3-478B-8228-789AAF6204B1}
	EndGlobalSection
EndGlobal
